
Microsoft Visual Studio Solution File, Format Version 12.00
# Visual Studio 15
VisualStudioVersion = 15.0.28307.1082
MinimumVisualStudioVersion = 10.0.40219.1
Project("{FAE04EC0-301F-11D3-BF4B-00C04F79EFBC}") = "CPA_Tatuape_01", "CPA_Penha\CPA_Tatuape_01.csproj", "{63531018-AEBA-4929-A186-1EBB95F804C5}"
EndProject
Project("{9A19103F-16F7-4668-BE54-9A1E7A4F7556}") = "CPA.DB", "CPA.DB\CPA.DB.csproj", "{6F0C8C8C-0FDA-47E5-B19D-727AA2037AFB}"
EndProject
Global
	GlobalSection(SolutionConfigurationPlatforms) = preSolution
		Debug|Any CPU = Debug|Any CPU
		Release|Any CPU = Release|Any CPU
	EndGlobalSection
	GlobalSection(ProjectConfigurationPlatforms) = postSolution
		{63531018-AEBA-4929-A186-1EBB95F804C5}.Debug|Any CPU.ActiveCfg = Debug|Any CPU
		{63531018-AEBA-4929-A186-1EBB95F804C5}.Debug|Any CPU.Build.0 = Debug|Any CPU
		{63531018-AEBA-4929-A186-1EBB95F804C5}.Release|Any CPU.ActiveCfg = Release|Any CPU
		{63531018-AEBA-4929-A186-1EBB95F804C5}.Release|Any CPU.Build.0 = Release|Any CPU
		{6F0C8C8C-0FDA-47E5-B19D-727AA2037AFB}.Debug|Any CPU.ActiveCfg = Debug|Any CPU
		{6F0C8C8C-0FDA-47E5-B19D-727AA2037AFB}.Debug|Any CPU.Build.0 = Debug|Any CPU
		{6F0C8C8C-0FDA-47E5-B19D-727AA2037AFB}.Release|Any CPU.ActiveCfg = Release|Any CPU
		{6F0C8C8C-0FDA-47E5-B19D-727AA2037AFB}.Release|Any CPU.Build.0 = Release|Any CPU
	EndGlobalSection
	GlobalSection(SolutionProperties) = preSolution
		HideSolutionNode = FALSE
	EndGlobalSection
	GlobalSection(ExtensibilityGlobals) = postSolution
		SolutionGuid = {569D39B1-DCB5-4212-916C-FA9648502D9F}
	EndGlobalSection
EndGlobal
